
Microsoft Visual Studio Solution File, Format Version 12.00
# Visual Studio Version 16
VisualStudioVersion = 16.0.33130.400
MinimumVisualStudioVersion = 10.0.40219.1
Project("{FAE04EC0-301F-11D3-BF4B-00C04F79EFBC}") = "ggg", "ggg.csproj", "{F097DEEF-1F23-4500-B69B-0CD01E59B137}"
EndProject
Global
	GlobalSection(SolutionConfigurationPlatforms) = preSolution
		Debug|Any CPU = Debug|Any CPU
		Release|Any CPU = Release|Any CPU
	EndGlobalSection
	GlobalSection(ProjectConfigurationPlatforms) = postSolution
		{F097DEEF-1F23-4500-B69B-0CD01E59B137}.Debug|Any CPU.ActiveCfg = Debug|Any CPU
		{F097DEEF-1F23-4500-B69B-0CD01E59B137}.Debug|Any CPU.Build.0 = Debug|Any CPU
		{F097DEEF-1F23-4500-B69B-0CD01E59B137}.Release|Any CPU.ActiveCfg = Release|Any CPU
		{F097DEEF-1F23-4500-B69B-0CD01E59B137}.Release|Any CPU.Build.0 = Release|Any CPU
	EndGlobalSection
	GlobalSection(SolutionProperties) = preSolution
		HideSolutionNode = FALSE
	EndGlobalSection
	GlobalSection(ExtensibilityGlobals) = postSolution
		SolutionGuid = {7BEF2650-0555-42B8-942E-C3F1273D15F3}
	EndGlobalSection
EndGlobal
